
Microsoft Visual Studio Solution File, Format Version 12.00
# Visual Studio Version 16
VisualStudioVersion = 16.0.29306.81
MinimumVisualStudioVersion = 10.0.40219.1
Project("{FAE04EC0-301F-11D3-BF4B-00C04F79EFBC}") = "ConsoleCore", "ConsoleCore.csproj", "{5EEDF605-67E2-4A40-9B26-95B61816A9EE}"
EndProject
Global
	GlobalSection(SolutionConfigurationPlatforms) = preSolution
		Debug|Any CPU = Debug|Any CPU
		Release|Any CPU = Release|Any CPU
	EndGlobalSection
	GlobalSection(ProjectConfigurationPlatforms) = postSolution
		{5EEDF605-67E2-4A40-9B26-95B61816A9EE}.Debug|Any CPU.ActiveCfg = Debug|Any CPU
		{5EEDF605-67E2-4A40-9B26-95B61816A9EE}.Debug|Any CPU.Build.0 = Debug|Any CPU
		{5EEDF605-67E2-4A40-9B26-95B61816A9EE}.Release|Any CPU.ActiveCfg = Release|Any CPU
		{5EEDF605-67E2-4A40-9B26-95B61816A9EE}.Release|Any CPU.Build.0 = Release|Any CPU
	EndGlobalSection
	GlobalSection(SolutionProperties) = preSolution
		HideSolutionNode = FALSE
	EndGlobalSection
	GlobalSection(ExtensibilityGlobals) = postSolution
		SolutionGuid = {79B31E88-66D9-4D01-92C0-071991F0921B}
	EndGlobalSection
EndGlobal
